// !$*UTF8*$!
{
	archiveVersion = 1;
	classes = {
	};
	objectVersion = 50;
	objects = {

/* Begin PBXBuildFile section */
		5214644020A04FB7008FBF60 /* AppDelegate.swift in Sources */ = {isa = PBXBuildFile; fileRef = 5214643F20A04FB7008FBF60 /* AppDelegate.swift */; };
		5214644220A04FB7008FBF60 /* ViewController.swift in Sources */ = {isa = PBXBuildFile; fileRef = 5214644120A04FB7008FBF60 /* ViewController.swift */; };
		5214644520A04FB8008FBF60 /* Main.storyboard in Resources */ = {isa = PBXBuildFile; fileRef = 5214644320A04FB8008FBF60 /* Main.storyboard */; };
		5214644720A04FCF008FBF60 /* Assets.xcassets in Resources */ = {isa = PBXBuildFile; fileRef = 5214644620A04FCF008FBF60 /* Assets.xcassets */; };
		5214644A20A04FCF008FBF60 /* LaunchScreen.storyboard in Resources */ = {isa = PBXBuildFile; fileRef = 5214644820A04FCF008FBF60 /* LaunchScreen.storyboard */; };
		5214649D20A05EB4008FBF60 /* SQLite.framework in Frameworks */ = {isa = PBXBuildFile; fileRef = 5214648F20A05E66008FBF60 /* SQLite.framework */; };
		5214649E20A05EC9008FBF60 /* SQLite.framework in Frameworks */ = {isa = PBXBuildFile; fileRef = 5214648F20A05E66008FBF60 /* SQLite.framework */; };
		5214649F20A05EC9008FBF60 /* SQLite.framework in Embed Frameworks */ = {isa = PBXBuildFile; fileRef = 5214648F20A05E66008FBF60 /* SQLite.framework */; settings = {ATTRIBUTES = (CodeSignOnCopy, RemoveHeadersOnCopy, ); }; };
/* End PBXBuildFile section */

/* Begin PBXContainerItemProxy section */
		5214648E20A05E66008FBF60 /* PBXContainerItemProxy */ = {
			isa = PBXContainerItemProxy;
			containerPortal = 5214648420A05E65008FBF60 /* SQLite.xcodeproj */;
			proxyType = 2;
			remoteGlobalIDString = EE247AD31C3F04ED00AE3E12;
			remoteInfo = "SQLite iOS";
		};
		5214649020A05E66008FBF60 /* PBXContainerItemProxy */ = {
			isa = PBXContainerItemProxy;
			containerPortal = 5214648420A05E65008FBF60 /* SQLite.xcodeproj */;
			proxyType = 2;
			remoteGlobalIDString = EE247ADD1C3F04ED00AE3E12;
			remoteInfo = "SQLiteTests iOS";
		};
		5214649220A05E66008FBF60 /* PBXContainerItemProxy */ = {
			isa = PBXContainerItemProxy;
			containerPortal = 5214648420A05E65008FBF60 /* SQLite.xcodeproj */;
			proxyType = 2;
			remoteGlobalIDString = EE247B3C1C3F3ED000AE3E12;
			remoteInfo = "SQLite Mac";
		};
		5214649420A05E66008FBF60 /* PBXContainerItemProxy */ = {
			isa = PBXContainerItemProxy;
			containerPortal = 5214648420A05E65008FBF60 /* SQLite.xcodeproj */;
			proxyType = 2;
			remoteGlobalIDString = EE247B451C3F3ED000AE3E12;
			remoteInfo = "SQLiteTests Mac";
		};
		5214649620A05E66008FBF60 /* PBXContainerItemProxy */ = {
			isa = PBXContainerItemProxy;
			containerPortal = 5214648420A05E65008FBF60 /* SQLite.xcodeproj */;
			proxyType = 2;
			remoteGlobalIDString = 03A65E5A1C6BB0F50062603F;
			remoteInfo = "SQLite tvOS";
		};
		5214649820A05E66008FBF60 /* PBXContainerItemProxy */ = {
			isa = PBXContainerItemProxy;
			containerPortal = 5214648420A05E65008FBF60 /* SQLite.xcodeproj */;
			proxyType = 2;
			remoteGlobalIDString = 03A65E631C6BB0F60062603F;
			remoteInfo = "SQLiteTests tvOS";
		};
		5214649A20A05E66008FBF60 /* PBXContainerItemProxy */ = {
			isa = PBXContainerItemProxy;
			containerPortal = 5214648420A05E65008FBF60 /* SQLite.xcodeproj */;
			proxyType = 2;
			remoteGlobalIDString = A121AC451CA35C79005A31D1;
			remoteInfo = "SQLite watchOS";
		};
		521464A020A05EC9008FBF60 /* PBXContainerItemProxy */ = {
			isa = PBXContainerItemProxy;
			containerPortal = 5214648420A05E65008FBF60 /* SQLite.xcodeproj */;
			proxyType = 1;
			remoteGlobalIDString = EE247AD21C3F04ED00AE3E12;
			remoteInfo = "SQLite iOS";
		};
/* End PBXContainerItemProxy section */

/* Begin PBXCopyFilesBuildPhase section */
		521464A220A05ECA008FBF60 /* Embed Frameworks */ = {
			isa = PBXCopyFilesBuildPhase;
			buildActionMask = 2147483647;
			dstPath = "";
			dstSubfolderSpec = 10;
			files = (
				5214649F20A05EC9008FBF60 /* SQLite.framework in Embed Frameworks */,
			);
			name = "Embed Frameworks";
			runOnlyForDeploymentPostprocessing = 0;
		};
/* End PBXCopyFilesBuildPhase section */

/* Begin PBXFileReference section */
		5214643C20A04FB7008FBF60 /* SQLite test.app */ = {isa = PBXFileReference; explicitFileType = wrapper.application; includeInIndex = 0; path = "SQLite test.app"; sourceTree = BUILT_PRODUCTS_DIR; };
		5214643F20A04FB7008FBF60 /* AppDelegate.swift */ = {isa = PBXFileReference; lastKnownFileType = sourcecode.swift; path = AppDelegate.swift; sourceTree = "<group>"; };
		5214644120A04FB7008FBF60 /* ViewController.swift */ = {isa = PBXFileReference; lastKnownFileType = sourcecode.swift; path = ViewController.swift; sourceTree = "<group>"; };
		5214644420A04FB8008FBF60 /* Base */ = {isa = PBXFileReference; lastKnownFileType = file.storyboard; name = Base; path = Base.lproj/Main.storyboard; sourceTree = "<group>"; };
		5214644620A04FCF008FBF60 /* Assets.xcassets */ = {isa = PBXFileReference; lastKnownFileType = folder.assetcatalog; path = Assets.xcassets; sourceTree = "<group>"; };
		5214644920A04FCF008FBF60 /* Base */ = {isa = PBXFileReference; lastKnownFileType = file.storyboard; name = Base; path = Base.lproj/LaunchScreen.storyboard; sourceTree = "<group>"; };
		5214644B20A04FCF008FBF60 /* Info.plist */ = {isa = PBXFileReference; lastKnownFileType = text.plist.xml; path = Info.plist; sourceTree = "<group>"; };
		5214648420A05E65008FBF60 /* SQLite.xcodeproj */ = {isa = PBXFileReference; lastKnownFileType = "wrapper.pb-project"; name = SQLite.xcodeproj; path = "SQLite.swift-master/SQLite.xcodeproj"; sourceTree = "<group>"; };
/* End PBXFileReference section */

/* Begin PBXFrameworksBuildPhase section */
		5214643920A04FB7008FBF60 /* Frameworks */ = {
			isa = PBXFrameworksBuildPhase;
			buildActionMask = 2147483647;
			files = (
				5214649E20A05EC9008FBF60 /* SQLite.framework in Frameworks */,
				5214649D20A05EB4008FBF60 /* SQLite.framework in Frameworks */,
			);
			runOnlyForDeploymentPostprocessing = 0;
		};
/* End PBXFrameworksBuildPhase section */

/* Begin PBXGroup section */
		5214643320A04FB7008FBF60 = {
			isa = PBXGroup;
			children = (
				5214643E20A04FB7008FBF60 /* SQLite test */,
				5214643D20A04FB7008FBF60 /* Products */,
				5214648420A05E65008FBF60 /* SQLite.xcodeproj */,
				5214649C20A05EB4008FBF60 /* Frameworks */,
			);
			sourceTree = "<group>";
		};
		5214643D20A04FB7008FBF60 /* Products */ = {
			isa = PBXGroup;
			children = (
				5214643C20A04FB7008FBF60 /* SQLite test.app */,
			);
			name = Products;
			sourceTree = "<group>";
		};
		5214643E20A04FB7008FBF60 /* SQLite test */ = {
			isa = PBXGroup;
			children = (
				5214643F20A04FB7008FBF60 /* AppDelegate.swift */,
				5214644120A04FB7008FBF60 /* ViewController.swift */,
				5214644320A04FB8008FBF60 /* Main.storyboard */,
				5214644620A04FCF008FBF60 /* Assets.xcassets */,
				5214644820A04FCF008FBF60 /* LaunchScreen.storyboard */,
				5214644B20A04FCF008FBF60 /* Info.plist */,
			);
			path = "SQLite test";
			sourceTree = "<group>";
		};
		5214648520A05E65008FBF60 /* Products */ = {
			isa = PBXGroup;
			children = (
				5214648F20A05E66008FBF60 /* SQLite.framework */,
				5214649120A05E66008FBF60 /* SQLiteTests iOS.xctest */,
				5214649320A05E66008FBF60 /* SQLite.framework */,
				5214649520A05E66008FBF60 /* SQLiteTests Mac.xctest */,
				5214649720A05E66008FBF60 /* SQLite.framework */,
				5214649920A05E66008FBF60 /* SQLiteTests tvOS.xctest */,
				5214649B20A05E66008FBF60 /* SQLite.framework */,
			);
			name = Products;
			sourceTree = "<group>";
		};
		5214649C20A05EB4008FBF60 /* Frameworks */ = {
			isa = PBXGroup;
			children = (
			);
			name = Frameworks;
			sourceTree = "<group>";
		};
/* End PBXGroup section */

/* Begin PBXNativeTarget section */
		5214643B20A04FB7008FBF60 /* SQLite test */ = {
			isa = PBXNativeTarget;
			buildConfigurationList = 5214644E20A04FCF008FBF60 /* Build configuration list for PBXNativeTarget "SQLite test" */;
			buildPhases = (
				5214643820A04FB7008FBF60 /* Sources */,
				5214643920A04FB7008FBF60 /* Frameworks */,
				5214643A20A04FB7008FBF60 /* Resources */,
				521464A220A05ECA008FBF60 /* Embed Frameworks */,
			);
			buildRules = (
			);
			dependencies = (
				521464A120A05EC9008FBF60 /* PBXTargetDependency */,
			);
			name = "SQLite test";
			productName = "SQLite test";
			productReference = 5214643C20A04FB7008FBF60 /* SQLite test.app */;
			productType = "com.apple.product-type.application";
		};
/* End PBXNativeTarget section */

/* Begin PBXProject section */
		5214643420A04FB7008FBF60 /* Project object */ = {
			isa = PBXProject;
			attributes = {
				LastSwiftUpdateCheck = 0930;
				LastUpgradeCheck = 0930;
				ORGANIZATIONNAME = "Mitchie Maluschnig";
				TargetAttributes = {
					5214643B20A04FB7008FBF60 = {
						CreatedOnToolsVersion = 9.3;
					};
				};
			};
			buildConfigurationList = 5214643720A04FB7008FBF60 /* Build configuration list for PBXProject "SQLite test" */;
			compatibilityVersion = "Xcode 9.3";
			developmentRegion = en;
			hasScannedForEncodings = 0;
			knownRegions = (
				en,
				Base,
			);
			mainGroup = 5214643320A04FB7008FBF60;
			productRefGroup = 5214643D20A04FB7008FBF60 /* Products */;
			projectDirPath = "";
			projectReferences = (
				{
					ProductGroup = 5214648520A05E65008FBF60 /* Products */;
					ProjectRef = 5214648420A05E65008FBF60 /* SQLite.xcodeproj */;
				},
			);
			projectRoot = "";
			targets = (
				5214643B20A04FB7008FBF60 /* SQLite test */,
			);
		};
/* End PBXProject section */

/* Begin PBXReferenceProxy section */
		5214648F20A05E66008FBF60 /* SQLite.framework */ = {
			isa = PBXReferenceProxy;
			fileType = wrapper.framework;
			path = SQLite.framework;
			remoteRef = 5214648E20A05E66008FBF60 /* PBXContainerItemProxy */;
			sourceTree = BUILT_PRODUCTS_DIR;
		};
		5214649120A05E66008FBF60 /* SQLiteTests iOS.xctest */ = {
			isa = PBXReferenceProxy;
			fileType = wrapper.cfbundle;
			path = "SQLiteTests iOS.xctest";
			remoteRef = 5214649020A05E66008FBF60 /* PBXContainerItemProxy */;
			sourceTree = BUILT_PRODUCTS_DIR;
		};
		5214649320A05E66008FBF60 /* SQLite.framework */ = {
			isa = PBXReferenceProxy;
			fileType = wrapper.framework;
			path = SQLite.framework;
			remoteRef = 5214649220A05E66008FBF60 /* PBXContainerItemProxy */;
			sourceTree = BUILT_PRODUCTS_DIR;
		};
		5214649520A05E66008FBF60 /* SQLiteTests Mac.xctest */ = {
			isa = PBXReferenceProxy;
			fileType = wrapper.cfbundle;
			path = "SQLiteTests Mac.xctest";
			remoteRef = 5214649420A05E66008FBF60 /* PBXContainerItemProxy */;
			sourceTree = BUILT_PRODUCTS_DIR;
		};
		5214649720A05E66008FBF60 /* SQLite.framework */ = {
			isa = PBXReferenceProxy;
			fileType = wrapper.framework;
			path = SQLite.framework;
			remoteRef = 5214649620A05E66008FBF60 /* PBXContainerItemProxy */;
			sourceTree = BUILT_PRODUCTS_DIR;
		};
		5214649920A05E66008FBF60 /* SQLiteTests tvOS.xctest */ = {
			isa = PBXReferenceProxy;
			fileType = wrapper.cfbundle;
			path = "SQLiteTests tvOS.xctest";
			remoteRef = 5214649820A05E66008FBF60 /* PBXContainerItemProxy */;
			sourceTree = BUILT_PRODUCTS_DIR;
		};
		5214649B20A05E66008FBF60 /* SQLite.framework */ = {
			isa = PBXReferenceProxy;
			fileType = wrapper.framework;
			path = SQLite.framework;
			remoteRef = 5214649A20A05E66008FBF60 /* PBXContainerItemProxy */;
			sourceTree = BUILT_PRODUCTS_DIR;
		};
/* End PBXReferenceProxy section */

/* Begin PBXResourcesBuildPhase section */
		5214643A20A04FB7008FBF60 /* Resources */ = {
			isa = PBXResourcesBuildPhase;
			buildActionMask = 2147483647;
			files = (
				5214644A20A04FCF008FBF60 /* LaunchScreen.storyboard in Resources */,
				5214644720A04FCF008FBF60 /* Assets.xcassets in Resources */,
				5214644520A04FB8008FBF60 /* Main.storyboard in Resources */,
			);
			runOnlyForDeploymentPostprocessing = 0;
		};
/* End PBXResourcesBuildPhase section */

/* Begin PBXSourcesBuildPhase section */
		5214643820A04FB7008FBF60 /* Sources */ = {
			isa = PBXSourcesBuildPhase;
			buildActionMask = 2147483647;
			files = (
				5214644220A04FB7008FBF60 /* ViewController.swift in Sources */,
				5214644020A04FB7008FBF60 /* AppDelegate.swift in Sources */,
			);
			runOnlyForDeploymentPostprocessing = 0;
		};
/* End PBXSourcesBuildPhase section */

/* Begin PBXTargetDependency section */
		521464A120A05EC9008FBF60 /* PBXTargetDependency */ = {
			isa = PBXTargetDependency;
			name = "SQLite iOS";
			targetProxy = 521464A020A05EC9008FBF60 /* PBXContainerItemProxy */;
		};
/* End PBXTargetDependency section */

/* Begin PBXVariantGroup section */
		5214644320A04FB8008FBF60 /* Main.storyboard */ = {
			isa = PBXVariantGroup;
			children = (
				5214644420A04FB8008FBF60 /* Base */,
			);
			name = Main.storyboard;
			sourceTree = "<group>";
		};
		5214644820A04FCF008FBF60 /* LaunchScreen.storyboard */ = {
			isa = PBXVariantGroup;
			children = (
				5214644920A04FCF008FBF60 /* Base */,
			);
			name = LaunchScreen.storyboard;
			sourceTree = "<group>";
		};
/* End PBXVariantGroup section */

/* Begin XCBuildConfiguration section */
		5214644C20A04FCF008FBF60 /* Debug */ = {
			isa = XCBuildConfiguration;
			buildSettings = {
				ALWAYS_SEARCH_USER_PATHS = NO;
				CLANG_ANALYZER_NONNULL = YES;
				CLANG_ANALYZER_NUMBER_OBJECT_CONVERSION = YES_AGGRESSIVE;
				CLANG_CXX_LANGUAGE_STANDARD = "gnu++14";
				CLANG_CXX_LIBRARY = "libc++";
				CLANG_ENABLE_MODULES = YES;
				CLANG_ENABLE_OBJC_ARC = YES;
				CLANG_ENABLE_OBJC_WEAK = YES;
				CLANG_WARN_BLOCK_CAPTURE_AUTORELEASING = YES;
				CLANG_WARN_BOOL_CONVERSION = YES;
				CLANG_WARN_COMMA = YES;
				CLANG_WARN_CONSTANT_CONVERSION = YES;
				CLANG_WARN_DEPRECATED_OBJC_IMPLEMENTATIONS = YES;
				CLANG_WARN_DIRECT_OBJC_ISA_USAGE = YES_ERROR;
				CLANG_WARN_DOCUMENTATION_COMMENTS = YES;
				CLANG_WARN_EMPTY_BODY = YES;
				CLANG_WARN_ENUM_CONVERSION = YES;
				CLANG_WARN_INFINITE_RECURSION = YES;
				CLANG_WARN_INT_CONVERSION = YES;
				CLANG_WARN_NON_LITERAL_NULL_CONVERSION = YES;
				CLANG_WARN_OBJC_IMPLICIT_RETAIN_SELF = YES;
				CLANG_WARN_OBJC_LITERAL_CONVERSION = YES;
				CLANG_WARN_OBJC_ROOT_CLASS = YES_ERROR;
				CLANG_WARN_RANGE_LOOP_ANALYSIS = YES;
				CLANG_WARN_STRICT_PROTOTYPES = YES;
				CLANG_WARN_SUSPICIOUS_MOVE = YES;
				CLANG_WARN_UNGUARDED_AVAILABILITY = YES_AGGRESSIVE;
				CLANG_WARN_UNREACHABLE_CODE = YES;
				CLANG_WARN__DUPLICATE_METHOD_MATCH = YES;
				CODE_SIGN_IDENTITY = "iPhone Developer";
				COPY_PHASE_STRIP = NO;
				DEBUG_INFORMATION_FORMAT = dwarf;
				ENABLE_STRICT_OBJC_MSGSEND = YES;
				ENABLE_TESTABILITY = YES;
				GCC_C_LANGUAGE_STANDARD = gnu11;
				GCC_DYNAMIC_NO_PIC = NO;
				GCC_NO_COMMON_BLOCKS = YES;
				GCC_OPTIMIZATION_LEVEL = 0;
				GCC_PREPROCESSOR_DEFINITIONS = (
					"DEBUG=1",
					"$(inherited)",
				);
				GCC_WARN_64_TO_32_BIT_CONVERSION = YES;
				GCC_WARN_ABOUT_RETURN_TYPE = YES_ERROR;
				GCC_WARN_UNDECLARED_SELECTOR = YES;
				GCC_WARN_UNINITIALIZED_AUTOS = YES_AGGRESSIVE;
				GCC_WARN_UNUSED_FUNCTION = YES;
				GCC_WARN_UNUSED_VARIABLE = YES;
				IPHONEOS_DEPLOYMENT_TARGET = 11.3;
				MTL_ENABLE_DEBUG_INFO = YES;
				ONLY_ACTIVE_ARCH = YES;
				SDKROOT = iphoneos;
				SWIFT_ACTIVE_COMPILATION_CONDITIONS = DEBUG;
				SWIFT_OPTIMIZATION_LEVEL = "-Onone";
			};
			name = Debug;
		};
		5214644D20A04FCF008FBF60 /* Release */ = {
			isa = XCBuildConfiguration;
			buildSettings = {
				ALWAYS_SEARCH_USER_PATHS = NO;
				CLANG_ANALYZER_NONNULL = YES;
				CLANG_ANALYZER_NUMBER_OBJECT_CONVERSION = YES_AGGRESSIVE;
				CLANG_CXX_LANGUAGE_STANDARD = "gnu++14";
				CLANG_CXX_LIBRARY = "libc++";
				CLANG_ENABLE_MODULES = YES;
				CLANG_ENABLE_OBJC_ARC = YES;
				CLANG_ENABLE_OBJC_WEAK = YES;
				CLANG_WARN_BLOCK_CAPTURE_AUTORELEASING = YES;
				CLANG_WARN_BOOL_CONVERSION = YES;
				CLANG_WARN_COMMA = YES;
				CLANG_WARN_CONSTANT_CONVERSION = YES;
				CLANG_WARN_DEPRECATED_OBJC_IMPLEMENTATIONS = YES;
				CLANG_WARN_DIRECT_OBJC_ISA_USAGE = YES_ERROR;
				CLANG_WARN_DOCUMENTATION_COMMENTS = YES;
				CLANG_WARN_EMPTY_BODY = YES;
				CLANG_WARN_ENUM_CONVERSION = YES;
				CLANG_WARN_INFINITE_RECURSION = YES;
				CLANG_WARN_INT_CONVERSION = YES;
				CLANG_WARN_NON_LITERAL_NULL_CONVERSION = YES;
				CLANG_WARN_OBJC_IMPLICIT_RETAIN_SELF = YES;
				CLANG_WARN_OBJC_LITERAL_CONVERSION = YES;
				CLANG_WARN_OBJC_ROOT_CLASS = YES_ERROR;
				CLANG_WARN_RANGE_LOOP_ANALYSIS = YES;
				CLANG_WARN_STRICT_PROTOTYPES = YES;
				CLANG_WARN_SUSPICIOUS_MOVE = YES;
				CLANG_WARN_UNGUARDED_AVAILABILITY = YES_AGGRESSIVE;
				CLANG_WARN_UNREACHABLE_CODE = YES;
				CLANG_WARN__DUPLICATE_METHOD_MATCH = YES;
				CODE_SIGN_IDENTITY = "iPhone Developer";
				COPY_PHASE_STRIP = NO;
				DEBUG_INFORMATION_FORMAT = "dwarf-with-dsym";
				ENABLE_NS_ASSERTIONS = NO;
				ENABLE_STRICT_OBJC_MSGSEND = YES;
				GCC_C_LANGUAGE_STANDARD = gnu11;
				GCC_NO_COMMON_BLOCKS = YES;
				GCC_WARN_64_TO_32_BIT_CONVERSION = YES;
				GCC_WARN_ABOUT_RETURN_TYPE = YES_ERROR;
				GCC_WARN_UNDECLARED_SELECTOR = YES;
				GCC_WARN_UNINITIALIZED_AUTOS = YES_AGGRESSIVE;
				GCC_WARN_UNUSED_FUNCTION = YES;
				GCC_WARN_UNUSED_VARIABLE = YES;
				IPHONEOS_DEPLOYMENT_TARGET = 11.3;
				MTL_ENABLE_DEBUG_INFO = NO;
				SDKROOT = iphoneos;
				SWIFT_COMPILATION_MODE = wholemodule;
				SWIFT_OPTIMIZATION_LEVEL = "-O";
				VALIDATE_PRODUCT = YES;
			};
			name = Release;
		};
		5214644F20A04FCF008FBF60 /* Debug */ = {
			isa = XCBuildConfiguration;
			buildSettings = {
				ALWAYS_EMBED_SWIFT_STANDARD_LIBRARIES = YES;
				ASSETCATALOG_COMPILER_APPICON_NAME = AppIcon;
				CODE_SIGN_STYLE = Automatic;
				DEVELOPMENT_TEAM = 845CX8Y83W;
				INFOPLIST_FILE = "SQLite test/Info.plist";
				LD_RUNPATH_SEARCH_PATHS = (
					"$(inherited)",
					"@executable_path/Frameworks",
				);
				PRODUCT_BUNDLE_IDENTIFIER = "com.mmaluschnig.SQLite-test";
				PRODUCT_NAME = "$(TARGET_NAME)";
				SWIFT_VERSION = 4.0;
				TARGETED_DEVICE_FAMILY = "1,2";
			};
			name = Debug;
		};
		5214645020A04FCF008FBF60 /* Release */ = {
			isa = XCBuildConfiguration;
			buildSettings = {
				ALWAYS_EMBED_SWIFT_STANDARD_LIBRARIES = YES;
				ASSETCATALOG_COMPILER_APPICON_NAME = AppIcon;
				CODE_SIGN_STYLE = Automatic;
				DEVELOPMENT_TEAM = 845CX8Y83W;
				INFOPLIST_FILE = "SQLite test/Info.plist";
				LD_RUNPATH_SEARCH_PATHS = (
					"$(inherited)",
					"@executable_path/Frameworks",
				);
				PRODUCT_BUNDLE_IDENTIFIER = "com.mmaluschnig.SQLite-test";
				PRODUCT_NAME = "$(TARGET_NAME)";
				SWIFT_VERSION = 4.0;
				TARGETED_DEVICE_FAMILY = "1,2";
			};
			name = Release;
		};
/* End XCBuildConfiguration section */

/* Begin XCConfigurationList section */
		5214643720A04FB7008FBF60 /* Build configuration list for PBXProject "SQLite test" */ = {
			isa = XCConfigurationList;
			buildConfigurations = (
				5214644C20A04FCF008FBF60 /* Debug */,
				5214644D20A04FCF008FBF60 /* Release */,
			);
			defaultConfigurationIsVisible = 0;
			defaultConfigurationName = Release;
		};
		5214644E20A04FCF008FBF60 /* Build configuration list for PBXNativeTarget "SQLite test" */ = {
			isa = XCConfigurationList;
			buildConfigurations = (
				5214644F20A04FCF008FBF60 /* Debug */,
				5214645020A04FCF008FBF60 /* Release */,
			);
			defaultConfigurationIsVisible = 0;
			defaultConfigurationName = Release;
		};
/* End XCConfigurationList section */
	};
	rootObject = 5214643420A04FB7008FBF60 /* Project object */;
}
